
Microsoft Visual Studio Solution File, Format Version 12.00
# Visual Studio Version 17
VisualStudioVersion = 17.13.35825.156 d17.13
MinimumVisualStudioVersion = 10.0.40219.1
Project("{FAE04EC0-301F-11D3-BF4B-00C04F79EFBC}") = "StudentInformationSystem", "StudentInformationSystem.csproj", "{F7925120-8D3B-4B5E-B56E-AE5B8CD56D17}"
EndProject
Global
	GlobalSection(SolutionConfigurationPlatforms) = preSolution
		Debug|Any CPU = Debug|Any CPU
		Release|Any CPU = Release|Any CPU
	EndGlobalSection
	GlobalSection(ProjectConfigurationPlatforms) = postSolution
		{F7925120-8D3B-4B5E-B56E-AE5B8CD56D17}.Debug|Any CPU.ActiveCfg = Debug|Any CPU
		{F7925120-8D3B-4B5E-B56E-AE5B8CD56D17}.Debug|Any CPU.Build.0 = Debug|Any CPU
		{F7925120-8D3B-4B5E-B56E-AE5B8CD56D17}.Release|Any CPU.ActiveCfg = Release|Any CPU
		{F7925120-8D3B-4B5E-B56E-AE5B8CD56D17}.Release|Any CPU.Build.0 = Release|Any CPU
	EndGlobalSection
	GlobalSection(SolutionProperties) = preSolution
		HideSolutionNode = FALSE
	EndGlobalSection
	GlobalSection(ExtensibilityGlobals) = postSolution
		SolutionGuid = {FEFC80C4-A6C3-4EB6-A202-98C4A488CC88}
	EndGlobalSection
EndGlobal
