
Microsoft Visual Studio Solution File, Format Version 12.00
# Visual Studio Version 17
VisualStudioVersion = 17.13.35825.156 d17.13
MinimumVisualStudioVersion = 10.0.40219.1
Project("{FAE04EC0-301F-11D3-BF4B-00C04F79EFBC}") = "DigitalAssetManagementApplication", "DigitalAssetManagementApplication.csproj", "{0C6F6356-1BFB-486A-8873-47514880B159}"
EndProject
Global
	GlobalSection(SolutionConfigurationPlatforms) = preSolution
		Debug|Any CPU = Debug|Any CPU
		Release|Any CPU = Release|Any CPU
	EndGlobalSection
	GlobalSection(ProjectConfigurationPlatforms) = postSolution
		{0C6F6356-1BFB-486A-8873-47514880B159}.Debug|Any CPU.ActiveCfg = Debug|Any CPU
		{0C6F6356-1BFB-486A-8873-47514880B159}.Debug|Any CPU.Build.0 = Debug|Any CPU
		{0C6F6356-1BFB-486A-8873-47514880B159}.Release|Any CPU.ActiveCfg = Release|Any CPU
		{0C6F6356-1BFB-486A-8873-47514880B159}.Release|Any CPU.Build.0 = Release|Any CPU
	EndGlobalSection
	GlobalSection(SolutionProperties) = preSolution
		HideSolutionNode = FALSE
	EndGlobalSection
	GlobalSection(ExtensibilityGlobals) = postSolution
		SolutionGuid = {3C211EA2-A403-449D-BE0A-E51CDD1DEC90}
	EndGlobalSection
EndGlobal
