
Microsoft Visual Studio Solution File, Format Version 12.00
# Visual Studio Version 17
VisualStudioVersion = 17.13.35931.197 d17.13
MinimumVisualStudioVersion = 10.0.40219.1
Project("{FAE04EC0-301F-11D3-BF4B-00C04F79EFBC}") = "OrderManagementSystem", "OrderManagementSystem.csproj", "{663D0CF4-2C31-41F5-975E-3DAEBE8C463D}"
EndProject
Global
	GlobalSection(SolutionConfigurationPlatforms) = preSolution
		Debug|Any CPU = Debug|Any CPU
		Release|Any CPU = Release|Any CPU
	EndGlobalSection
	GlobalSection(ProjectConfigurationPlatforms) = postSolution
		{663D0CF4-2C31-41F5-975E-3DAEBE8C463D}.Debug|Any CPU.ActiveCfg = Debug|Any CPU
		{663D0CF4-2C31-41F5-975E-3DAEBE8C463D}.Debug|Any CPU.Build.0 = Debug|Any CPU
		{663D0CF4-2C31-41F5-975E-3DAEBE8C463D}.Release|Any CPU.ActiveCfg = Release|Any CPU
		{663D0CF4-2C31-41F5-975E-3DAEBE8C463D}.Release|Any CPU.Build.0 = Release|Any CPU
	EndGlobalSection
	GlobalSection(SolutionProperties) = preSolution
		HideSolutionNode = FALSE
	EndGlobalSection
	GlobalSection(ExtensibilityGlobals) = postSolution
		SolutionGuid = {E1913733-A2EF-462C-BEE8-8D845F74DE06}
	EndGlobalSection
EndGlobal
